
Microsoft Visual Studio Solution File, Format Version 12.00
# Visual Studio 15
VisualStudioVersion = 15.0.27703.2018
MinimumVisualStudioVersion = 10.0.40219.1
Project("{9A19103F-16F7-4668-BE54-9A1E7A4F7556}") = "Bank", "Bank\Bank.csproj", "{56FFE0BE-2A2F-4885-B0E9-679605E283E6}"
EndProject
Project("{FAE04EC0-301F-11D3-BF4B-00C04F79EFBC}") = "BankTests", "BankTests\BankTests.csproj", "{E6317C8F-5074-4D99-A3D9-DB1CD67EE564}"
EndProject
Global
	GlobalSection(SolutionConfigurationPlatforms) = preSolution
		Debug|Any CPU = Debug|Any CPU
		Release|Any CPU = Release|Any CPU
	EndGlobalSection
	GlobalSection(ProjectConfigurationPlatforms) = postSolution
		{56FFE0BE-2A2F-4885-B0E9-679605E283E6}.Debug|Any CPU.ActiveCfg = Debug|Any CPU
		{56FFE0BE-2A2F-4885-B0E9-679605E283E6}.Debug|Any CPU.Build.0 = Debug|Any CPU
		{56FFE0BE-2A2F-4885-B0E9-679605E283E6}.Release|Any CPU.ActiveCfg = Release|Any CPU
		{56FFE0BE-2A2F-4885-B0E9-679605E283E6}.Release|Any CPU.Build.0 = Release|Any CPU
		{E6317C8F-5074-4D99-A3D9-DB1CD67EE564}.Debug|Any CPU.ActiveCfg = Debug|Any CPU
		{E6317C8F-5074-4D99-A3D9-DB1CD67EE564}.Debug|Any CPU.Build.0 = Debug|Any CPU
		{E6317C8F-5074-4D99-A3D9-DB1CD67EE564}.Release|Any CPU.ActiveCfg = Release|Any CPU
		{E6317C8F-5074-4D99-A3D9-DB1CD67EE564}.Release|Any CPU.Build.0 = Release|Any CPU
	EndGlobalSection
	GlobalSection(SolutionProperties) = preSolution
		HideSolutionNode = FALSE
	EndGlobalSection
	GlobalSection(ExtensibilityGlobals) = postSolution
		SolutionGuid = {E0173368-2911-471E-B44E-82A12FDE13BA}
	EndGlobalSection
EndGlobal
